
Microsoft Visual Studio Solution File, Format Version 12.00
# Visual Studio Version 17
VisualStudioVersion = 17.4.33213.308
MinimumVisualStudioVersion = 10.0.40219.1
Project("{FAE04EC0-301F-11D3-BF4B-00C04F79EFBC}") = "ConsoleApp2", "ConsoleApp2.csproj", "{F738EE38-CC3F-4F8A-9E3D-6B3648E21921}"
EndProject
Global
	GlobalSection(SolutionConfigurationPlatforms) = preSolution
		Debug|Any CPU = Debug|Any CPU
		Release|Any CPU = Release|Any CPU
	EndGlobalSection
	GlobalSection(ProjectConfigurationPlatforms) = postSolution
		{F738EE38-CC3F-4F8A-9E3D-6B3648E21921}.Debug|Any CPU.ActiveCfg = Debug|Any CPU
		{F738EE38-CC3F-4F8A-9E3D-6B3648E21921}.Debug|Any CPU.Build.0 = Debug|Any CPU
		{F738EE38-CC3F-4F8A-9E3D-6B3648E21921}.Release|Any CPU.ActiveCfg = Release|Any CPU
		{F738EE38-CC3F-4F8A-9E3D-6B3648E21921}.Release|Any CPU.Build.0 = Release|Any CPU
	EndGlobalSection
	GlobalSection(SolutionProperties) = preSolution
		HideSolutionNode = FALSE
	EndGlobalSection
	GlobalSection(ExtensibilityGlobals) = postSolution
		SolutionGuid = {96D10D95-57A1-4AF0-9C3A-5A623CB0D603}
	EndGlobalSection
EndGlobal
